// !$*UTF8*$!
{
	archiveVersion = 1;
	classes = {
	};
	objectVersion = 50;
	objects = {

/* Begin PBXBuildFile section */
		7D84D5F33AC7DE0D8D99030B /* Pods_Core.framework in Frameworks */ = {isa = PBXBuildFile; fileRef = FEBEE854E7194419D2CDF552 /* Pods_Core.framework */; };
		D8261BFF25A071A80056672A /* Core.h in Headers */ = {isa = PBXBuildFile; fileRef = D8261BFD25A071A80056672A /* Core.h */; settings = {ATTRIBUTES = (Public, ); }; };
		D8261C1025A072540056672A /* Logger.swift in Sources */ = {isa = PBXBuildFile; fileRef = D8261C0825A072540056672A /* Logger.swift */; };
		D8261C1325A072540056672A /* AnalyticsEvent.swift in Sources */ = {isa = PBXBuildFile; fileRef = D8261C0D25A072540056672A /* AnalyticsEvent.swift */; };
		D8261C1425A072540056672A /* ImageLoader.swift in Sources */ = {isa = PBXBuildFile; fileRef = D8261C0F25A072540056672A /* ImageLoader.swift */; };
		D8261C7325A072F40056672A /* UIColor+Additions.swift in Sources */ = {isa = PBXBuildFile; fileRef = D8261C7225A072F40056672A /* UIColor+Additions.swift */; };
		D8261C7825A073600056672A /* Date+Formatter.swift in Sources */ = {isa = PBXBuildFile; fileRef = D8261C7725A073600056672A /* Date+Formatter.swift */; };
		D8261C8525A073DE0056672A /* Int+Additions.swift in Sources */ = {isa = PBXBuildFile; fileRef = D8261C8325A073DE0056672A /* Int+Additions.swift */; };
		D8261C8625A073DE0056672A /* Scope+Additions.swift in Sources */ = {isa = PBXBuildFile; fileRef = D8261C8425A073DE0056672A /* Scope+Additions.swift */; };
		D8261C8D25A0746A0056672A /* UITableView+Cell.swift in Sources */ = {isa = PBXBuildFile; fileRef = D8261C8C25A0746A0056672A /* UITableView+Cell.swift */; };
		D8261C9625A074DF0056672A /* Networking.swift in Sources */ = {isa = PBXBuildFile; fileRef = D8261C9325A074DF0056672A /* Networking.swift */; };
		D8261C9725A074DF0056672A /* AuthPlugin.swift in Sources */ = {isa = PBXBuildFile; fileRef = D8261C9525A074DF0056672A /* AuthPlugin.swift */; };
		D8261CFE25A076D60056672A /* CoreModule.swift in Sources */ = {isa = PBXBuildFile; fileRef = D8261CFD25A076D60056672A /* CoreModule.swift */; };
		D8261D6325A07D420056672A /* Calendar+Extensions.swift in Sources */ = {isa = PBXBuildFile; fileRef = D8261D6225A07D420056672A /* Calendar+Extensions.swift */; };
		D8261D6725A07D950056672A /* PodoError.swift in Sources */ = {isa = PBXBuildFile; fileRef = D8261D6625A07D950056672A /* PodoError.swift */; };
		D8261D6A25A07E7A0056672A /* CoreModuleFactory.swift in Sources */ = {isa = PBXBuildFile; fileRef = D8261D6925A07E7A0056672A /* CoreModuleFactory.swift */; };
/* End PBXBuildFile section */

/* Begin PBXFileReference section */
		BCBC805B02D54791B0B296A8 /* Pods-Core.release.xcconfig */ = {isa = PBXFileReference; includeInIndex = 1; lastKnownFileType = text.xcconfig; name = "Pods-Core.release.xcconfig"; path = "Target Support Files/Pods-Core/Pods-Core.release.xcconfig"; sourceTree = "<group>"; };
		CAEA9FDE24AA0EF3AB657D12 /* Pods-Core.debug.xcconfig */ = {isa = PBXFileReference; includeInIndex = 1; lastKnownFileType = text.xcconfig; name = "Pods-Core.debug.xcconfig"; path = "Target Support Files/Pods-Core/Pods-Core.debug.xcconfig"; sourceTree = "<group>"; };
		D8261BFA25A071A80056672A /* Core.framework */ = {isa = PBXFileReference; explicitFileType = wrapper.framework; includeInIndex = 0; path = Core.framework; sourceTree = BUILT_PRODUCTS_DIR; };
		D8261BFD25A071A80056672A /* Core.h */ = {isa = PBXFileReference; lastKnownFileType = sourcecode.c.h; path = Core.h; sourceTree = "<group>"; };
		D8261BFE25A071A80056672A /* Info.plist */ = {isa = PBXFileReference; lastKnownFileType = text.plist.xml; path = Info.plist; sourceTree = "<group>"; };
		D8261C0825A072540056672A /* Logger.swift */ = {isa = PBXFileReference; fileEncoding = 4; lastKnownFileType = sourcecode.swift; path = Logger.swift; sourceTree = "<group>"; };
		D8261C0D25A072540056672A /* AnalyticsEvent.swift */ = {isa = PBXFileReference; fileEncoding = 4; lastKnownFileType = sourcecode.swift; path = AnalyticsEvent.swift; sourceTree = "<group>"; };
		D8261C0F25A072540056672A /* ImageLoader.swift */ = {isa = PBXFileReference; fileEncoding = 4; lastKnownFileType = sourcecode.swift; path = ImageLoader.swift; sourceTree = "<group>"; };
		D8261C7225A072F40056672A /* UIColor+Additions.swift */ = {isa = PBXFileReference; fileEncoding = 4; lastKnownFileType = sourcecode.swift; path = "UIColor+Additions.swift"; sourceTree = "<group>"; };
		D8261C7725A073600056672A /* Date+Formatter.swift */ = {isa = PBXFileReference; fileEncoding = 4; lastKnownFileType = sourcecode.swift; path = "Date+Formatter.swift"; sourceTree = "<group>"; };
		D8261C8325A073DE0056672A /* Int+Additions.swift */ = {isa = PBXFileReference; fileEncoding = 4; lastKnownFileType = sourcecode.swift; path = "Int+Additions.swift"; sourceTree = "<group>"; };
		D8261C8425A073DE0056672A /* Scope+Additions.swift */ = {isa = PBXFileReference; fileEncoding = 4; lastKnownFileType = sourcecode.swift; path = "Scope+Additions.swift"; sourceTree = "<group>"; };
		D8261C8C25A0746A0056672A /* UITableView+Cell.swift */ = {isa = PBXFileReference; fileEncoding = 4; lastKnownFileType = sourcecode.swift; path = "UITableView+Cell.swift"; sourceTree = "<group>"; };
		D8261C9325A074DF0056672A /* Networking.swift */ = {isa = PBXFileReference; fileEncoding = 4; lastKnownFileType = sourcecode.swift; path = Networking.swift; sourceTree = "<group>"; };
		D8261C9525A074DF0056672A /* AuthPlugin.swift */ = {isa = PBXFileReference; fileEncoding = 4; lastKnownFileType = sourcecode.swift; path = AuthPlugin.swift; sourceTree = "<group>"; };
		D8261CFD25A076D60056672A /* CoreModule.swift */ = {isa = PBXFileReference; lastKnownFileType = sourcecode.swift; path = CoreModule.swift; sourceTree = "<group>"; };
		D8261D6225A07D420056672A /* Calendar+Extensions.swift */ = {isa = PBXFileReference; lastKnownFileType = sourcecode.swift; path = "Calendar+Extensions.swift"; sourceTree = "<group>"; };
		D8261D6625A07D950056672A /* PodoError.swift */ = {isa = PBXFileReference; lastKnownFileType = sourcecode.swift; path = PodoError.swift; sourceTree = "<group>"; };
		D8261D6925A07E7A0056672A /* CoreModuleFactory.swift */ = {isa = PBXFileReference; lastKnownFileType = sourcecode.swift; path = CoreModuleFactory.swift; sourceTree = "<group>"; };
		FEBEE854E7194419D2CDF552 /* Pods_Core.framework */ = {isa = PBXFileReference; explicitFileType = wrapper.framework; includeInIndex = 0; path = Pods_Core.framework; sourceTree = BUILT_PRODUCTS_DIR; };
/* End PBXFileReference section */

/* Begin PBXFrameworksBuildPhase section */
		D8261BF725A071A80056672A /* Frameworks */ = {
			isa = PBXFrameworksBuildPhase;
			buildActionMask = 2147483647;
			files = (
				7D84D5F33AC7DE0D8D99030B /* Pods_Core.framework in Frameworks */,
			);
			runOnlyForDeploymentPostprocessing = 0;
		};
/* End PBXFrameworksBuildPhase section */

/* Begin PBXGroup section */
		BF3BAF91B6C6939B9AF9A8DC /* Pods */ = {
			isa = PBXGroup;
			children = (
				CAEA9FDE24AA0EF3AB657D12 /* Pods-Core.debug.xcconfig */,
				BCBC805B02D54791B0B296A8 /* Pods-Core.release.xcconfig */,
			);
			name = Pods;
			path = ../Pods;
			sourceTree = "<group>";
		};
		D8261BF025A071A80056672A = {
			isa = PBXGroup;
			children = (
				D8261BFC25A071A80056672A /* Core */,
				D8261BFB25A071A80056672A /* Products */,
				BF3BAF91B6C6939B9AF9A8DC /* Pods */,
				F7004481515DB03D442593D8 /* Frameworks */,
			);
			indentWidth = 2;
			sourceTree = "<group>";
			tabWidth = 2;
		};
		D8261BFB25A071A80056672A /* Products */ = {
			isa = PBXGroup;
			children = (
				D8261BFA25A071A80056672A /* Core.framework */,
			);
			name = Products;
			sourceTree = "<group>";
		};
		D8261BFC25A071A80056672A /* Core */ = {
			isa = PBXGroup;
			children = (
				D8261C0C25A072540056672A /* Analytics */,
				D8261C0625A071CC0056672A /* Config */,
				D8261C6C25A072A20056672A /* Extensions */,
				D8261C0E25A072540056672A /* Helper */,
				D8261C0725A072540056672A /* Logger */,
				D8261D6525A07D800056672A /* Models */,
				D8261C9125A074960056672A /* Networking */,
				D8261CFD25A076D60056672A /* CoreModule.swift */,
				D8261D6925A07E7A0056672A /* CoreModuleFactory.swift */,
			);
			path = Core;
			sourceTree = "<group>";
		};
		D8261C0625A071CC0056672A /* Config */ = {
			isa = PBXGroup;
			children = (
				D8261BFD25A071A80056672A /* Core.h */,
				D8261BFE25A071A80056672A /* Info.plist */,
			);
			path = Config;
			sourceTree = "<group>";
		};
		D8261C0725A072540056672A /* Logger */ = {
			isa = PBXGroup;
			children = (
				D8261C0825A072540056672A /* Logger.swift */,
			);
			path = Logger;
			sourceTree = "<group>";
		};
		D8261C0C25A072540056672A /* Analytics */ = {
			isa = PBXGroup;
			children = (
				D8261C0D25A072540056672A /* AnalyticsEvent.swift */,
			);
			path = Analytics;
			sourceTree = "<group>";
		};
		D8261C0E25A072540056672A /* Helper */ = {
			isa = PBXGroup;
			children = (
				D8261C0F25A072540056672A /* ImageLoader.swift */,
			);
			path = Helper;
			sourceTree = "<group>";
		};
		D8261C6C25A072A20056672A /* Extensions */ = {
			isa = PBXGroup;
			children = (
				D8261C8C25A0746A0056672A /* UITableView+Cell.swift */,
				D8261C8325A073DE0056672A /* Int+Additions.swift */,
				D8261C8425A073DE0056672A /* Scope+Additions.swift */,
				D8261C7725A073600056672A /* Date+Formatter.swift */,
				D8261C7225A072F40056672A /* UIColor+Additions.swift */,
				D8261D6225A07D420056672A /* Calendar+Extensions.swift */,
			);
			path = Extensions;
			sourceTree = "<group>";
		};
		D8261C9125A074960056672A /* Networking */ = {
			isa = PBXGroup;
			children = (
				D8261C9425A074DF0056672A /* Plugins */,
				D8261C9325A074DF0056672A /* Networking.swift */,
			);
			path = Networking;
			sourceTree = "<group>";
		};
		D8261C9425A074DF0056672A /* Plugins */ = {
			isa = PBXGroup;
			children = (
				D8261C9525A074DF0056672A /* AuthPlugin.swift */,
			);
			path = Plugins;
			sourceTree = "<group>";
		};
		D8261D6525A07D800056672A /* Models */ = {
			isa = PBXGroup;
			children = (
				D8261D6625A07D950056672A /* PodoError.swift */,
			);
			path = Models;
			sourceTree = "<group>";
		};
		F7004481515DB03D442593D8 /* Frameworks */ = {
			isa = PBXGroup;
			children = (
				FEBEE854E7194419D2CDF552 /* Pods_Core.framework */,
			);
			name = Frameworks;
			sourceTree = "<group>";
		};
/* End PBXGroup section */

/* Begin PBXHeadersBuildPhase section */
		D8261BF525A071A80056672A /* Headers */ = {
			isa = PBXHeadersBuildPhase;
			buildActionMask = 2147483647;
			files = (
				D8261BFF25A071A80056672A /* Core.h in Headers */,
			);
			runOnlyForDeploymentPostprocessing = 0;
		};
/* End PBXHeadersBuildPhase section */

/* Begin PBXNativeTarget section */
		D8261BF925A071A80056672A /* Core */ = {
			isa = PBXNativeTarget;
			buildConfigurationList = D8261C0225A071A80056672A /* Build configuration list for PBXNativeTarget "Core" */;
			buildPhases = (
				B47D9A6B592C6285A773746B /* [CP] Check Pods Manifest.lock */,
				D8261BF525A071A80056672A /* Headers */,
				D8261BF625A071A80056672A /* Sources */,
				D8261BF725A071A80056672A /* Frameworks */,
				D8261BF825A071A80056672A /* Resources */,
			);
			buildRules = (
			);
			dependencies = (
			);
			name = Core;
			productName = Core;
			productReference = D8261BFA25A071A80056672A /* Core.framework */;
			productType = "com.apple.product-type.framework";
		};
/* End PBXNativeTarget section */

/* Begin PBXProject section */
		D8261BF125A071A80056672A /* Project object */ = {
			isa = PBXProject;
			attributes = {
				LastUpgradeCheck = 1230;
				TargetAttributes = {
					D8261BF925A071A80056672A = {
						CreatedOnToolsVersion = 12.3;
					};
				};
			};
			buildConfigurationList = D8261BF425A071A80056672A /* Build configuration list for PBXProject "Core" */;
			compatibilityVersion = "Xcode 9.3";
			developmentRegion = en;
			hasScannedForEncodings = 0;
			knownRegions = (
				en,
				Base,
			);
			mainGroup = D8261BF025A071A80056672A;
			productRefGroup = D8261BFB25A071A80056672A /* Products */;
			projectDirPath = "";
			projectRoot = "";
			targets = (
				D8261BF925A071A80056672A /* Core */,
			);
		};
/* End PBXProject section */

/* Begin PBXResourcesBuildPhase section */
		D8261BF825A071A80056672A /* Resources */ = {
			isa = PBXResourcesBuildPhase;
			buildActionMask = 2147483647;
			files = (
			);
			runOnlyForDeploymentPostprocessing = 0;
		};
/* End PBXResourcesBuildPhase section */

/* Begin PBXShellScriptBuildPhase section */
		B47D9A6B592C6285A773746B /* [CP] Check Pods Manifest.lock */ = {
			isa = PBXShellScriptBuildPhase;
			buildActionMask = 2147483647;
			files = (
			);
			inputFileListPaths = (
			);
			inputPaths = (
				"${PODS_PODFILE_DIR_PATH}/Podfile.lock",
				"${PODS_ROOT}/Manifest.lock",
			);
			name = "[CP] Check Pods Manifest.lock";
			outputFileListPaths = (
			);
			outputPaths = (
				"$(DERIVED_FILE_DIR)/Pods-Core-checkManifestLockResult.txt",
			);
			runOnlyForDeploymentPostprocessing = 0;
			shellPath = /bin/sh;
			shellScript = "diff \"${PODS_PODFILE_DIR_PATH}/Podfile.lock\" \"${PODS_ROOT}/Manifest.lock\" > /dev/null\nif [ $? != 0 ] ; then\n    # print error to STDERR\n    echo \"error: The sandbox is not in sync with the Podfile.lock. Run 'pod install' or update your CocoaPods installation.\" >&2\n    exit 1\nfi\n# This output is used by Xcode 'outputs' to avoid re-running this script phase.\necho \"SUCCESS\" > \"${SCRIPT_OUTPUT_FILE_0}\"\n";
			showEnvVarsInLog = 0;
		};
/* End PBXShellScriptBuildPhase section */

/* Begin PBXSourcesBuildPhase section */
		D8261BF625A071A80056672A /* Sources */ = {
			isa = PBXSourcesBuildPhase;
			buildActionMask = 2147483647;
			files = (
				D8261C7825A073600056672A /* Date+Formatter.swift in Sources */,
				D8261C9625A074DF0056672A /* Networking.swift in Sources */,
				D8261D6725A07D950056672A /* PodoError.swift in Sources */,
				D8261C1025A072540056672A /* Logger.swift in Sources */,
				D8261C8D25A0746A0056672A /* UITableView+Cell.swift in Sources */,
				D8261D6A25A07E7A0056672A /* CoreModuleFactory.swift in Sources */,
				D8261C7325A072F40056672A /* UIColor+Additions.swift in Sources */,
				D8261C9725A074DF0056672A /* AuthPlugin.swift in Sources */,
				D8261D6325A07D420056672A /* Calendar+Extensions.swift in Sources */,
				D8261C8625A073DE0056672A /* Scope+Additions.swift in Sources */,
				D8261C1325A072540056672A /* AnalyticsEvent.swift in Sources */,
				D8261C8525A073DE0056672A /* Int+Additions.swift in Sources */,
				D8261CFE25A076D60056672A /* CoreModule.swift in Sources */,
				D8261C1425A072540056672A /* ImageLoader.swift in Sources */,
			);
			runOnlyForDeploymentPostprocessing = 0;
		};
/* End PBXSourcesBuildPhase section */

/* Begin XCBuildConfiguration section */
		D8261C0025A071A80056672A /* Debug */ = {
			isa = XCBuildConfiguration;
			buildSettings = {
				ALWAYS_SEARCH_USER_PATHS = NO;
				CLANG_ANALYZER_NONNULL = YES;
				CLANG_ANALYZER_NUMBER_OBJECT_CONVERSION = YES_AGGRESSIVE;
				CLANG_CXX_LANGUAGE_STANDARD = "gnu++14";
				CLANG_CXX_LIBRARY = "libc++";
				CLANG_ENABLE_MODULES = YES;
				CLANG_ENABLE_OBJC_ARC = YES;
				CLANG_ENABLE_OBJC_WEAK = YES;
				CLANG_WARN_BLOCK_CAPTURE_AUTORELEASING = YES;
				CLANG_WARN_BOOL_CONVERSION = YES;
				CLANG_WARN_COMMA = YES;
				CLANG_WARN_CONSTANT_CONVERSION = YES;
				CLANG_WARN_DEPRECATED_OBJC_IMPLEMENTATIONS = YES;
				CLANG_WARN_DIRECT_OBJC_ISA_USAGE = YES_ERROR;
				CLANG_WARN_DOCUMENTATION_COMMENTS = YES;
				CLANG_WARN_EMPTY_BODY = YES;
				CLANG_WARN_ENUM_CONVERSION = YES;
				CLANG_WARN_INFINITE_RECURSION = YES;
				CLANG_WARN_INT_CONVERSION = YES;
				CLANG_WARN_NON_LITERAL_NULL_CONVERSION = YES;
				CLANG_WARN_OBJC_IMPLICIT_RETAIN_SELF = YES;
				CLANG_WARN_OBJC_LITERAL_CONVERSION = YES;
				CLANG_WARN_OBJC_ROOT_CLASS = YES_ERROR;
				CLANG_WARN_QUOTED_INCLUDE_IN_FRAMEWORK_HEADER = YES;
				CLANG_WARN_RANGE_LOOP_ANALYSIS = YES;
				CLANG_WARN_STRICT_PROTOTYPES = YES;
				CLANG_WARN_SUSPICIOUS_MOVE = YES;
				CLANG_WARN_UNGUARDED_AVAILABILITY = YES_AGGRESSIVE;
				CLANG_WARN_UNREACHABLE_CODE = YES;
				CLANG_WARN__DUPLICATE_METHOD_MATCH = YES;
				COPY_PHASE_STRIP = NO;
				CURRENT_PROJECT_VERSION = 1;
				DEBUG_INFORMATION_FORMAT = dwarf;
				ENABLE_STRICT_OBJC_MSGSEND = YES;
				ENABLE_TESTABILITY = YES;
				GCC_C_LANGUAGE_STANDARD = gnu11;
				GCC_DYNAMIC_NO_PIC = NO;
				GCC_NO_COMMON_BLOCKS = YES;
				GCC_OPTIMIZATION_LEVEL = 0;
				GCC_PREPROCESSOR_DEFINITIONS = (
					"DEBUG=1",
					"$(inherited)",
				);
				GCC_WARN_64_TO_32_BIT_CONVERSION = YES;
				GCC_WARN_ABOUT_RETURN_TYPE = YES_ERROR;
				GCC_WARN_UNDECLARED_SELECTOR = YES;
				GCC_WARN_UNINITIALIZED_AUTOS = YES_AGGRESSIVE;
				GCC_WARN_UNUSED_FUNCTION = YES;
				GCC_WARN_UNUSED_VARIABLE = YES;
				IPHONEOS_DEPLOYMENT_TARGET = 13.0;
				MTL_ENABLE_DEBUG_INFO = INCLUDE_SOURCE;
				MTL_FAST_MATH = YES;
				ONLY_ACTIVE_ARCH = YES;
				SDKROOT = iphoneos;
				SWIFT_ACTIVE_COMPILATION_CONDITIONS = DEBUG;
				SWIFT_OPTIMIZATION_LEVEL = "-Onone";
				VERSIONING_SYSTEM = "apple-generic";
				VERSION_INFO_PREFIX = "";
			};
			name = Debug;
		};
		D8261C0125A071A80056672A /* Release */ = {
			isa = XCBuildConfiguration;
			buildSettings = {
				ALWAYS_SEARCH_USER_PATHS = NO;
				CLANG_ANALYZER_NONNULL = YES;
				CLANG_ANALYZER_NUMBER_OBJECT_CONVERSION = YES_AGGRESSIVE;
				CLANG_CXX_LANGUAGE_STANDARD = "gnu++14";
				CLANG_CXX_LIBRARY = "libc++";
				CLANG_ENABLE_MODULES = YES;
				CLANG_ENABLE_OBJC_ARC = YES;
				CLANG_ENABLE_OBJC_WEAK = YES;
				CLANG_WARN_BLOCK_CAPTURE_AUTORELEASING = YES;
				CLANG_WARN_BOOL_CONVERSION = YES;
				CLANG_WARN_COMMA = YES;
				CLANG_WARN_CONSTANT_CONVERSION = YES;
				CLANG_WARN_DEPRECATED_OBJC_IMPLEMENTATIONS = YES;
				CLANG_WARN_DIRECT_OBJC_ISA_USAGE = YES_ERROR;
				CLANG_WARN_DOCUMENTATION_COMMENTS = YES;
				CLANG_WARN_EMPTY_BODY = YES;
				CLANG_WARN_ENUM_CONVERSION = YES;
				CLANG_WARN_INFINITE_RECURSION = YES;
				CLANG_WARN_INT_CONVERSION = YES;
				CLANG_WARN_NON_LITERAL_NULL_CONVERSION = YES;
				CLANG_WARN_OBJC_IMPLICIT_RETAIN_SELF = YES;
				CLANG_WARN_OBJC_LITERAL_CONVERSION = YES;
				CLANG_WARN_OBJC_ROOT_CLASS = YES_ERROR;
				CLANG_WARN_QUOTED_INCLUDE_IN_FRAMEWORK_HEADER = YES;
				CLANG_WARN_RANGE_LOOP_ANALYSIS = YES;
				CLANG_WARN_STRICT_PROTOTYPES = YES;
				CLANG_WARN_SUSPICIOUS_MOVE = YES;
				CLANG_WARN_UNGUARDED_AVAILABILITY = YES_AGGRESSIVE;
				CLANG_WARN_UNREACHABLE_CODE = YES;
				CLANG_WARN__DUPLICATE_METHOD_MATCH = YES;
				COPY_PHASE_STRIP = NO;
				CURRENT_PROJECT_VERSION = 1;
				DEBUG_INFORMATION_FORMAT = "dwarf-with-dsym";
				ENABLE_NS_ASSERTIONS = NO;
				ENABLE_STRICT_OBJC_MSGSEND = YES;
				GCC_C_LANGUAGE_STANDARD = gnu11;
				GCC_NO_COMMON_BLOCKS = YES;
				GCC_WARN_64_TO_32_BIT_CONVERSION = YES;
				GCC_WARN_ABOUT_RETURN_TYPE = YES_ERROR;
				GCC_WARN_UNDECLARED_SELECTOR = YES;
				GCC_WARN_UNINITIALIZED_AUTOS = YES_AGGRESSIVE;
				GCC_WARN_UNUSED_FUNCTION = YES;
				GCC_WARN_UNUSED_VARIABLE = YES;
				IPHONEOS_DEPLOYMENT_TARGET = 13.0;
				MTL_ENABLE_DEBUG_INFO = NO;
				MTL_FAST_MATH = YES;
				SDKROOT = iphoneos;
				SWIFT_COMPILATION_MODE = wholemodule;
				SWIFT_OPTIMIZATION_LEVEL = "-O";
				VALIDATE_PRODUCT = YES;
				VERSIONING_SYSTEM = "apple-generic";
				VERSION_INFO_PREFIX = "";
			};
			name = Release;
		};
		D8261C0325A071A80056672A /* Debug */ = {
			isa = XCBuildConfiguration;
			baseConfigurationReference = CAEA9FDE24AA0EF3AB657D12 /* Pods-Core.debug.xcconfig */;
			buildSettings = {
				CODE_SIGN_STYLE = Automatic;
				DEFINES_MODULE = YES;
				DEVELOPMENT_TEAM = 7KW522KWZF;
				DYLIB_COMPATIBILITY_VERSION = 1;
				DYLIB_CURRENT_VERSION = 1;
				DYLIB_INSTALL_NAME_BASE = "@rpath";
				INFOPLIST_FILE = Core/Config/Info.plist;
				INSTALL_PATH = "$(LOCAL_LIBRARY_DIR)/Frameworks";
				IPHONEOS_DEPLOYMENT_TARGET = 13.0;
				LD_RUNPATH_SEARCH_PATHS = (
					"$(inherited)",
					"@executable_path/Frameworks",
					"@loader_path/Frameworks",
				);
				PRODUCT_BUNDLE_IDENTIFIER = com.podo.podolist.core;
				PRODUCT_NAME = "$(TARGET_NAME:c99extidentifier)";
				SKIP_INSTALL = YES;
				SUPPORTS_MACCATALYST = NO;
				SWIFT_VERSION = 5.0;
				TARGETED_DEVICE_FAMILY = "1,2";
			};
			name = Debug;
		};
		D8261C0425A071A80056672A /* Release */ = {
			isa = XCBuildConfiguration;
			baseConfigurationReference = BCBC805B02D54791B0B296A8 /* Pods-Core.release.xcconfig */;
			buildSettings = {
				CODE_SIGN_STYLE = Automatic;
				DEFINES_MODULE = YES;
				DEVELOPMENT_TEAM = 7KW522KWZF;
				DYLIB_COMPATIBILITY_VERSION = 1;
				DYLIB_CURRENT_VERSION = 1;
				DYLIB_INSTALL_NAME_BASE = "@rpath";
				INFOPLIST_FILE = Core/Config/Info.plist;
				INSTALL_PATH = "$(LOCAL_LIBRARY_DIR)/Frameworks";
				IPHONEOS_DEPLOYMENT_TARGET = 13.0;
				LD_RUNPATH_SEARCH_PATHS = (
					"$(inherited)",
					"@executable_path/Frameworks",
					"@loader_path/Frameworks",
				);
				PRODUCT_BUNDLE_IDENTIFIER = com.podo.podolist.core;
				PRODUCT_NAME = "$(TARGET_NAME:c99extidentifier)";
				SKIP_INSTALL = YES;
				SUPPORTS_MACCATALYST = NO;
				SWIFT_VERSION = 5.0;
				TARGETED_DEVICE_FAMILY = "1,2";
			};
			name = Release;
		};
/* End XCBuildConfiguration section */

/* Begin XCConfigurationList section */
		D8261BF425A071A80056672A /* Build configuration list for PBXProject "Core" */ = {
			isa = XCConfigurationList;
			buildConfigurations = (
				D8261C0025A071A80056672A /* Debug */,
				D8261C0125A071A80056672A /* Release */,
			);
			defaultConfigurationIsVisible = 0;
			defaultConfigurationName = Release;
		};
		D8261C0225A071A80056672A /* Build configuration list for PBXNativeTarget "Core" */ = {
			isa = XCConfigurationList;
			buildConfigurations = (
				D8261C0325A071A80056672A /* Debug */,
				D8261C0425A071A80056672A /* Release */,
			);
			defaultConfigurationIsVisible = 0;
			defaultConfigurationName = Release;
		};
/* End XCConfigurationList section */
	};
	rootObject = D8261BF125A071A80056672A /* Project object */;
}
